
Microsoft Visual Studio Solution File, Format Version 12.00
Project("{FAE04EC0-301F-11D3-BF4B-00C04F79EFBC}") = "079_Contingency", "079_Contingency\079_Contingency.csproj", "{BB9CC83F-4E37-49E4-B7D6-D0CB3D6DCD1D}"
EndProject
Global
	GlobalSection(SolutionConfigurationPlatforms) = preSolution
		Debug|Any CPU = Debug|Any CPU
		Release|Any CPU = Release|Any CPU
	EndGlobalSection
	GlobalSection(ProjectConfigurationPlatforms) = postSolution
		{BB9CC83F-4E37-49E4-B7D6-D0CB3D6DCD1D}.Debug|Any CPU.ActiveCfg = Debug|Any CPU
		{BB9CC83F-4E37-49E4-B7D6-D0CB3D6DCD1D}.Debug|Any CPU.Build.0 = Debug|Any CPU
		{BB9CC83F-4E37-49E4-B7D6-D0CB3D6DCD1D}.Release|Any CPU.ActiveCfg = Release|Any CPU
		{BB9CC83F-4E37-49E4-B7D6-D0CB3D6DCD1D}.Release|Any CPU.Build.0 = Release|Any CPU
	EndGlobalSection
EndGlobal
